// !$*UTF8*$!
{
	archiveVersion = 1;
	classes = {
	};
	objectVersion = 77;
	objects = {

/* Begin PBXContainerItemProxy section */
		1FA9AA602DAF275100D29059 /* PBXContainerItemProxy */ = {
			isa = PBXContainerItemProxy;
			containerPortal = 1FA9AA472DAF274F00D29059 /* Project object */;
			proxyType = 1;
			remoteGlobalIDString = 1FA9AA4E2DAF274F00D29059;
			remoteInfo = TextViewO2;
		};
		1FA9AA6A2DAF275100D29059 /* PBXContainerItemProxy */ = {
			isa = PBXContainerItemProxy;
			containerPortal = 1FA9AA472DAF274F00D29059 /* Project object */;
			proxyType = 1;
			remoteGlobalIDString = 1FA9AA4E2DAF274F00D29059;
			remoteInfo = TextViewO2;
		};
/* End PBXContainerItemProxy section */

/* Begin PBXFileReference section */
		1FA9AA4F2DAF274F00D29059 /* TextViewO2.app */ = {isa = PBXFileReference; explicitFileType = wrapper.application; includeInIndex = 0; path = TextViewO2.app; sourceTree = BUILT_PRODUCTS_DIR; };
		1FA9AA5F2DAF275100D29059 /* TextViewO2Tests.xctest */ = {isa = PBXFileReference; explicitFileType = wrapper.cfbundle; includeInIndex = 0; path = TextViewO2Tests.xctest; sourceTree = BUILT_PRODUCTS_DIR; };
		1FA9AA692DAF275100D29059 /* TextViewO2UITests.xctest */ = {isa = PBXFileReference; explicitFileType = wrapper.cfbundle; includeInIndex = 0; path = TextViewO2UITests.xctest; sourceTree = BUILT_PRODUCTS_DIR; };
/* End PBXFileReference section */

/* Begin PBXFileSystemSynchronizedRootGroup section */
		1FA9AA512DAF274F00D29059 /* TextViewO2 */ = {
			isa = PBXFileSystemSynchronizedRootGroup;
			path = TextViewO2;
			sourceTree = "<group>";
		};
		1FA9AA622DAF275100D29059 /* TextViewO2Tests */ = {
			isa = PBXFileSystemSynchronizedRootGroup;
			path = TextViewO2Tests;
			sourceTree = "<group>";
		};
		1FA9AA6C2DAF275100D29059 /* TextViewO2UITests */ = {
			isa = PBXFileSystemSynchronizedRootGroup;
			path = TextViewO2UITests;
			sourceTree = "<group>";
		};
/* End PBXFileSystemSynchronizedRootGroup section */

/* Begin PBXFrameworksBuildPhase section */
		1FA9AA4C2DAF274F00D29059 /* Frameworks */ = {
			isa = PBXFrameworksBuildPhase;
			buildActionMask = 2147483647;
			files = (
			);
			runOnlyForDeploymentPostprocessing = 0;
		};
		1FA9AA5C2DAF275100D29059 /* Frameworks */ = {
			isa = PBXFrameworksBuildPhase;
			buildActionMask = 2147483647;
			files = (
			);
			runOnlyForDeploymentPostprocessing = 0;
		};
		1FA9AA662DAF275100D29059 /* Frameworks */ = {
			isa = PBXFrameworksBuildPhase;
			buildActionMask = 2147483647;
			files = (
			);
			runOnlyForDeploymentPostprocessing = 0;
		};
/* End PBXFrameworksBuildPhase section */

/* Begin PBXGroup section */
		1FA9AA462DAF274F00D29059 = {
			isa = PBXGroup;
			children = (
				1FA9AA512DAF274F00D29059 /* TextViewO2 */,
				1FA9AA622DAF275100D29059 /* TextViewO2Tests */,
				1FA9AA6C2DAF275100D29059 /* TextViewO2UITests */,
				1FA9AA502DAF274F00D29059 /* Products */,
			);
			sourceTree = "<group>";
		};
		1FA9AA502DAF274F00D29059 /* Products */ = {
			isa = PBXGroup;
			children = (
				1FA9AA4F2DAF274F00D29059 /* TextViewO2.app */,
				1FA9AA5F2DAF275100D29059 /* TextViewO2Tests.xctest */,
				1FA9AA692DAF275100D29059 /* TextViewO2UITests.xctest */,
			);
			name = Products;
			sourceTree = "<group>";
		};
/* End PBXGroup section */

/* Begin PBXNativeTarget section */
		1FA9AA4E2DAF274F00D29059 /* TextViewO2 */ = {
			isa = PBXNativeTarget;
			buildConfigurationList = 1FA9AA732DAF275100D29059 /* Build configuration list for PBXNativeTarget "TextViewO2" */;
			buildPhases = (
				1FA9AA4B2DAF274F00D29059 /* Sources */,
				1FA9AA4C2DAF274F00D29059 /* Frameworks */,
				1FA9AA4D2DAF274F00D29059 /* Resources */,
			);
			buildRules = (
			);
			dependencies = (
			);
			fileSystemSynchronizedGroups = (
				1FA9AA512DAF274F00D29059 /* TextViewO2 */,
			);
			name = TextViewO2;
			packageProductDependencies = (
			);
			productName = TextViewO2;
			productReference = 1FA9AA4F2DAF274F00D29059 /* TextViewO2.app */;
			productType = "com.apple.product-type.application";
		};
		1FA9AA5E2DAF275100D29059 /* TextViewO2Tests */ = {
			isa = PBXNativeTarget;
			buildConfigurationList = 1FA9AA762DAF275100D29059 /* Build configuration list for PBXNativeTarget "TextViewO2Tests" */;
			buildPhases = (
				1FA9AA5B2DAF275100D29059 /* Sources */,
				1FA9AA5C2DAF275100D29059 /* Frameworks */,
				1FA9AA5D2DAF275100D29059 /* Resources */,
			);
			buildRules = (
			);
			dependencies = (
				1FA9AA612DAF275100D29059 /* PBXTargetDependency */,
			);
			fileSystemSynchronizedGroups = (
				1FA9AA622DAF275100D29059 /* TextViewO2Tests */,
			);
			name = TextViewO2Tests;
			packageProductDependencies = (
			);
			productName = TextViewO2Tests;
			productReference = 1FA9AA5F2DAF275100D29059 /* TextViewO2Tests.xctest */;
			productType = "com.apple.product-type.bundle.unit-test";
		};
		1FA9AA682DAF275100D29059 /* TextViewO2UITests */ = {
			isa = PBXNativeTarget;
			buildConfigurationList = 1FA9AA792DAF275100D29059 /* Build configuration list for PBXNativeTarget "TextViewO2UITests" */;
			buildPhases = (
				1FA9AA652DAF275100D29059 /* Sources */,
				1FA9AA662DAF275100D29059 /* Frameworks */,
				1FA9AA672DAF275100D29059 /* Resources */,
			);
			buildRules = (
			);
			dependencies = (
				1FA9AA6B2DAF275100D29059 /* PBXTargetDependency */,
			);
			fileSystemSynchronizedGroups = (
				1FA9AA6C2DAF275100D29059 /* TextViewO2UITests */,
			);
			name = TextViewO2UITests;
			packageProductDependencies = (
			);
			productName = TextViewO2UITests;
			productReference = 1FA9AA692DAF275100D29059 /* TextViewO2UITests.xctest */;
			productType = "com.apple.product-type.bundle.ui-testing";
		};
/* End PBXNativeTarget section */

/* Begin PBXProject section */
		1FA9AA472DAF274F00D29059 /* Project object */ = {
			isa = PBXProject;
			attributes = {
				BuildIndependentTargetsInParallel = 1;
				LastSwiftUpdateCheck = 1620;
				LastUpgradeCheck = 1620;
				TargetAttributes = {
					1FA9AA4E2DAF274F00D29059 = {
						CreatedOnToolsVersion = 16.2;
					};
					1FA9AA5E2DAF275100D29059 = {
						CreatedOnToolsVersion = 16.2;
						TestTargetID = 1FA9AA4E2DAF274F00D29059;
					};
					1FA9AA682DAF275100D29059 = {
						CreatedOnToolsVersion = 16.2;
						TestTargetID = 1FA9AA4E2DAF274F00D29059;
					};
				};
			};
			buildConfigurationList = 1FA9AA4A2DAF274F00D29059 /* Build configuration list for PBXProject "TextViewO2" */;
			developmentRegion = en;
			hasScannedForEncodings = 0;
			knownRegions = (
				en,
				Base,
			);
			mainGroup = 1FA9AA462DAF274F00D29059;
			minimizedProjectReferenceProxies = 1;
			preferredProjectObjectVersion = 77;
			productRefGroup = 1FA9AA502DAF274F00D29059 /* Products */;
			projectDirPath = "";
			projectRoot = "";
			targets = (
				1FA9AA4E2DAF274F00D29059 /* TextViewO2 */,
				1FA9AA5E2DAF275100D29059 /* TextViewO2Tests */,
				1FA9AA682DAF275100D29059 /* TextViewO2UITests */,
			);
		};
/* End PBXProject section */

/* Begin PBXResourcesBuildPhase section */
		1FA9AA4D2DAF274F00D29059 /* Resources */ = {
			isa = PBXResourcesBuildPhase;
			buildActionMask = 2147483647;
			files = (
			);
			runOnlyForDeploymentPostprocessing = 0;
		};
		1FA9AA5D2DAF275100D29059 /* Resources */ = {
			isa = PBXResourcesBuildPhase;
			buildActionMask = 2147483647;
			files = (
			);
			runOnlyForDeploymentPostprocessing = 0;
		};
		1FA9AA672DAF275100D29059 /* Resources */ = {
			isa = PBXResourcesBuildPhase;
			buildActionMask = 2147483647;
			files = (
			);
			runOnlyForDeploymentPostprocessing = 0;
		};
/* End PBXResourcesBuildPhase section */

/* Begin PBXSourcesBuildPhase section */
		1FA9AA4B2DAF274F00D29059 /* Sources */ = {
			isa = PBXSourcesBuildPhase;
			buildActionMask = 2147483647;
			files = (
			);
			runOnlyForDeploymentPostprocessing = 0;
		};
		1FA9AA5B2DAF275100D29059 /* Sources */ = {
			isa = PBXSourcesBuildPhase;
			buildActionMask = 2147483647;
			files = (
			);
			runOnlyForDeploymentPostprocessing = 0;
		};
		1FA9AA652DAF275100D29059 /* Sources */ = {
			isa = PBXSourcesBuildPhase;
			buildActionMask = 2147483647;
			files = (
			);
			runOnlyForDeploymentPostprocessing = 0;
		};
/* End PBXSourcesBuildPhase section */

/* Begin PBXTargetDependency section */
		1FA9AA612DAF275100D29059 /* PBXTargetDependency */ = {
			isa = PBXTargetDependency;
			target = 1FA9AA4E2DAF274F00D29059 /* TextViewO2 */;
			targetProxy = 1FA9AA602DAF275100D29059 /* PBXContainerItemProxy */;
		};
		1FA9AA6B2DAF275100D29059 /* PBXTargetDependency */ = {
			isa = PBXTargetDependency;
			target = 1FA9AA4E2DAF274F00D29059 /* TextViewO2 */;
			targetProxy = 1FA9AA6A2DAF275100D29059 /* PBXContainerItemProxy */;
		};
/* End PBXTargetDependency section */

/* Begin XCBuildConfiguration section */
		1FA9AA712DAF275100D29059 /* Debug */ = {
			isa = XCBuildConfiguration;
			buildSettings = {
				ALWAYS_SEARCH_USER_PATHS = NO;
				ASSETCATALOG_COMPILER_GENERATE_SWIFT_ASSET_SYMBOL_EXTENSIONS = YES;
				CLANG_ANALYZER_NONNULL = YES;
				CLANG_ANALYZER_NUMBER_OBJECT_CONVERSION = YES_AGGRESSIVE;
				CLANG_CXX_LANGUAGE_STANDARD = "gnu++20";
				CLANG_ENABLE_MODULES = YES;
				CLANG_ENABLE_OBJC_ARC = YES;
				CLANG_ENABLE_OBJC_WEAK = YES;
				CLANG_WARN_BLOCK_CAPTURE_AUTORELEASING = YES;
				CLANG_WARN_BOOL_CONVERSION = YES;
				CLANG_WARN_COMMA = YES;
				CLANG_WARN_CONSTANT_CONVERSION = YES;
				CLANG_WARN_DEPRECATED_OBJC_IMPLEMENTATIONS = YES;
				CLANG_WARN_DIRECT_OBJC_ISA_USAGE = YES_ERROR;
				CLANG_WARN_DOCUMENTATION_COMMENTS = YES;
				CLANG_WARN_EMPTY_BODY = YES;
				CLANG_WARN_ENUM_CONVERSION = YES;
				CLANG_WARN_INFINITE_RECURSION = YES;
				CLANG_WARN_INT_CONVERSION = YES;
				CLANG_WARN_NON_LITERAL_NULL_CONVERSION = YES;
				CLANG_WARN_OBJC_IMPLICIT_RETAIN_SELF = YES;
				CLANG_WARN_OBJC_LITERAL_CONVERSION = YES;
				CLANG_WARN_OBJC_ROOT_CLASS = YES_ERROR;
				CLANG_WARN_QUOTED_INCLUDE_IN_FRAMEWORK_HEADER = YES;
				CLANG_WARN_RANGE_LOOP_ANALYSIS = YES;
				CLANG_WARN_STRICT_PROTOTYPES = YES;
				CLANG_WARN_SUSPICIOUS_MOVE = YES;
				CLANG_WARN_UNGUARDED_AVAILABILITY = YES_AGGRESSIVE;
				CLANG_WARN_UNREACHABLE_CODE = YES;
				CLANG_WARN__DUPLICATE_METHOD_MATCH = YES;
				COPY_PHASE_STRIP = NO;
				DEBUG_INFORMATION_FORMAT = dwarf;
				ENABLE_STRICT_OBJC_MSGSEND = YES;
				ENABLE_TESTABILITY = YES;
				ENABLE_USER_SCRIPT_SANDBOXING = YES;
				GCC_C_LANGUAGE_STANDARD = gnu17;
				GCC_DYNAMIC_NO_PIC = NO;
				GCC_NO_COMMON_BLOCKS = YES;
				GCC_OPTIMIZATION_LEVEL = 0;
				GCC_PREPROCESSOR_DEFINITIONS = (
					"DEBUG=1",
					"$(inherited)",
				);
				GCC_WARN_64_TO_32_BIT_CONVERSION = YES;
				GCC_WARN_ABOUT_RETURN_TYPE = YES_ERROR;
				GCC_WARN_UNDECLARED_SELECTOR = YES;
				GCC_WARN_UNINITIALIZED_AUTOS = YES_AGGRESSIVE;
				GCC_WARN_UNUSED_FUNCTION = YES;
				GCC_WARN_UNUSED_VARIABLE = YES;
				IPHONEOS_DEPLOYMENT_TARGET = 18.2;
				LOCALIZATION_PREFERS_STRING_CATALOGS = YES;
				MTL_ENABLE_DEBUG_INFO = INCLUDE_SOURCE;
				MTL_FAST_MATH = YES;
				ONLY_ACTIVE_ARCH = YES;
				SDKROOT = iphoneos;
				SWIFT_ACTIVE_COMPILATION_CONDITIONS = "DEBUG $(inherited)";
				SWIFT_OPTIMIZATION_LEVEL = "-Onone";
			};
			name = Debug;
		};
		1FA9AA722DAF275100D29059 /* Release */ = {
			isa = XCBuildConfiguration;
			buildSettings = {
				ALWAYS_SEARCH_USER_PATHS = NO;
				ASSETCATALOG_COMPILER_GENERATE_SWIFT_ASSET_SYMBOL_EXTENSIONS = YES;
				CLANG_ANALYZER_NONNULL = YES;
				CLANG_ANALYZER_NUMBER_OBJECT_CONVERSION = YES_AGGRESSIVE;
				CLANG_CXX_LANGUAGE_STANDARD = "gnu++20";
				CLANG_ENABLE_MODULES = YES;
				CLANG_ENABLE_OBJC_ARC = YES;
				CLANG_ENABLE_OBJC_WEAK = YES;
				CLANG_WARN_BLOCK_CAPTURE_AUTORELEASING = YES;
				CLANG_WARN_BOOL_CONVERSION = YES;
				CLANG_WARN_COMMA = YES;
				CLANG_WARN_CONSTANT_CONVERSION = YES;
				CLANG_WARN_DEPRECATED_OBJC_IMPLEMENTATIONS = YES;
				CLANG_WARN_DIRECT_OBJC_ISA_USAGE = YES_ERROR;
				CLANG_WARN_DOCUMENTATION_COMMENTS = YES;
				CLANG_WARN_EMPTY_BODY = YES;
				CLANG_WARN_ENUM_CONVERSION = YES;
				CLANG_WARN_INFINITE_RECURSION = YES;
				CLANG_WARN_INT_CONVERSION = YES;
				CLANG_WARN_NON_LITERAL_NULL_CONVERSION = YES;
				CLANG_WARN_OBJC_IMPLICIT_RETAIN_SELF = YES;
				CLANG_WARN_OBJC_LITERAL_CONVERSION = YES;
				CLANG_WARN_OBJC_ROOT_CLASS = YES_ERROR;
				CLANG_WARN_QUOTED_INCLUDE_IN_FRAMEWORK_HEADER = YES;
				CLANG_WARN_RANGE_LOOP_ANALYSIS = YES;
				CLANG_WARN_STRICT_PROTOTYPES = YES;
				CLANG_WARN_SUSPICIOUS_MOVE = YES;
				CLANG_WARN_UNGUARDED_AVAILABILITY = YES_AGGRESSIVE;
				CLANG_WARN_UNREACHABLE_CODE = YES;
				CLANG_WARN__DUPLICATE_METHOD_MATCH = YES;
				COPY_PHASE_STRIP = NO;
				DEBUG_INFORMATION_FORMAT = "dwarf-with-dsym";
				ENABLE_NS_ASSERTIONS = NO;
				ENABLE_STRICT_OBJC_MSGSEND = YES;
				ENABLE_USER_SCRIPT_SANDBOXING = YES;
				GCC_C_LANGUAGE_STANDARD = gnu17;
				GCC_NO_COMMON_BLOCKS = YES;
				GCC_WARN_64_TO_32_BIT_CONVERSION = YES;
				GCC_WARN_ABOUT_RETURN_TYPE = YES_ERROR;
				GCC_WARN_UNDECLARED_SELECTOR = YES;
				GCC_WARN_UNINITIALIZED_AUTOS = YES_AGGRESSIVE;
				GCC_WARN_UNUSED_FUNCTION = YES;
				GCC_WARN_UNUSED_VARIABLE = YES;
				IPHONEOS_DEPLOYMENT_TARGET = 18.2;
				LOCALIZATION_PREFERS_STRING_CATALOGS = YES;
				MTL_ENABLE_DEBUG_INFO = NO;
				MTL_FAST_MATH = YES;
				SDKROOT = iphoneos;
				SWIFT_COMPILATION_MODE = wholemodule;
				VALIDATE_PRODUCT = YES;
			};
			name = Release;
		};
		1FA9AA742DAF275100D29059 /* Debug */ = {
			isa = XCBuildConfiguration;
			buildSettings = {
				ASSETCATALOG_COMPILER_APPICON_NAME = AppIcon;
				ASSETCATALOG_COMPILER_GLOBAL_ACCENT_COLOR_NAME = AccentColor;
				CODE_SIGN_STYLE = Automatic;
				CURRENT_PROJECT_VERSION = 1;
				DEVELOPMENT_ASSET_PATHS = "\"TextViewO2/Preview Content\"";
				DEVELOPMENT_TEAM = N527MR7KSH;
				ENABLE_PREVIEWS = YES;
				GENERATE_INFOPLIST_FILE = YES;
				INFOPLIST_KEY_UIApplicationSceneManifest_Generation = YES;
				INFOPLIST_KEY_UIApplicationSupportsIndirectInputEvents = YES;
				INFOPLIST_KEY_UILaunchScreen_Generation = YES;
				INFOPLIST_KEY_UISupportedInterfaceOrientations_iPad = "UIInterfaceOrientationPortrait UIInterfaceOrientationPortraitUpsideDown UIInterfaceOrientationLandscapeLeft UIInterfaceOrientationLandscapeRight";
				INFOPLIST_KEY_UISupportedInterfaceOrientations_iPhone = "UIInterfaceOrientationPortrait UIInterfaceOrientationLandscapeLeft UIInterfaceOrientationLandscapeRight";
				LD_RUNPATH_SEARCH_PATHS = (
					"$(inherited)",
					"@executable_path/Frameworks",
				);
				MARKETING_VERSION = 1.0;
				PRODUCT_BUNDLE_IDENTIFIER = sk.maxapp.TextViewO2;
				PRODUCT_NAME = "$(TARGET_NAME)";
				SWIFT_EMIT_LOC_STRINGS = YES;
				SWIFT_VERSION = 5.0;
				TARGETED_DEVICE_FAMILY = "1,2";
			};
			name = Debug;
		};
		1FA9AA752DAF275100D29059 /* Release */ = {
			isa = XCBuildConfiguration;
			buildSettings = {
				ASSETCATALOG_COMPILER_APPICON_NAME = AppIcon;
				ASSETCATALOG_COMPILER_GLOBAL_ACCENT_COLOR_NAME = AccentColor;
				CODE_SIGN_STYLE = Automatic;
				CURRENT_PROJECT_VERSION = 1;
				DEVELOPMENT_ASSET_PATHS = "\"TextViewO2/Preview Content\"";
				DEVELOPMENT_TEAM = N527MR7KSH;
				ENABLE_PREVIEWS = YES;
				GENERATE_INFOPLIST_FILE = YES;
				INFOPLIST_KEY_UIApplicationSceneManifest_Generation = YES;
				INFOPLIST_KEY_UIApplicationSupportsIndirectInputEvents = YES;
				INFOPLIST_KEY_UILaunchScreen_Generation = YES;
				INFOPLIST_KEY_UISupportedInterfaceOrientations_iPad = "UIInterfaceOrientationPortrait UIInterfaceOrientationPortraitUpsideDown UIInterfaceOrientationLandscapeLeft UIInterfaceOrientationLandscapeRight";
				INFOPLIST_KEY_UISupportedInterfaceOrientations_iPhone = "UIInterfaceOrientationPortrait UIInterfaceOrientationLandscapeLeft UIInterfaceOrientationLandscapeRight";
				LD_RUNPATH_SEARCH_PATHS = (
					"$(inherited)",
					"@executable_path/Frameworks",
				);
				MARKETING_VERSION = 1.0;
				PRODUCT_BUNDLE_IDENTIFIER = sk.maxapp.TextViewO2;
				PRODUCT_NAME = "$(TARGET_NAME)";
				SWIFT_EMIT_LOC_STRINGS = YES;
				SWIFT_VERSION = 5.0;
				TARGETED_DEVICE_FAMILY = "1,2";
			};
			name = Release;
		};
		1FA9AA772DAF275100D29059 /* Debug */ = {
			isa = XCBuildConfiguration;
			buildSettings = {
				BUNDLE_LOADER = "$(TEST_HOST)";
				CODE_SIGN_STYLE = Automatic;
				CURRENT_PROJECT_VERSION = 1;
				DEVELOPMENT_TEAM = N527MR7KSH;
				GENERATE_INFOPLIST_FILE = YES;
				IPHONEOS_DEPLOYMENT_TARGET = 18.2;
				MARKETING_VERSION = 1.0;
				PRODUCT_BUNDLE_IDENTIFIER = sk.maxapp.TextViewO2Tests;
				PRODUCT_NAME = "$(TARGET_NAME)";
				SWIFT_EMIT_LOC_STRINGS = NO;
				SWIFT_VERSION = 5.0;
				TARGETED_DEVICE_FAMILY = "1,2";
				TEST_HOST = "$(BUILT_PRODUCTS_DIR)/TextViewO2.app/$(BUNDLE_EXECUTABLE_FOLDER_PATH)/TextViewO2";
			};
			name = Debug;
		};
		1FA9AA782DAF275100D29059 /* Release */ = {
			isa = XCBuildConfiguration;
			buildSettings = {
				BUNDLE_LOADER = "$(TEST_HOST)";
				CODE_SIGN_STYLE = Automatic;
				CURRENT_PROJECT_VERSION = 1;
				DEVELOPMENT_TEAM = N527MR7KSH;
				GENERATE_INFOPLIST_FILE = YES;
				IPHONEOS_DEPLOYMENT_TARGET = 18.2;
				MARKETING_VERSION = 1.0;
				PRODUCT_BUNDLE_IDENTIFIER = sk.maxapp.TextViewO2Tests;
				PRODUCT_NAME = "$(TARGET_NAME)";
				SWIFT_EMIT_LOC_STRINGS = NO;
				SWIFT_VERSION = 5.0;
				TARGETED_DEVICE_FAMILY = "1,2";
				TEST_HOST = "$(BUILT_PRODUCTS_DIR)/TextViewO2.app/$(BUNDLE_EXECUTABLE_FOLDER_PATH)/TextViewO2";
			};
			name = Release;
		};
		1FA9AA7A2DAF275100D29059 /* Debug */ = {
			isa = XCBuildConfiguration;
			buildSettings = {
				CODE_SIGN_STYLE = Automatic;
				CURRENT_PROJECT_VERSION = 1;
				DEVELOPMENT_TEAM = N527MR7KSH;
				GENERATE_INFOPLIST_FILE = YES;
				MARKETING_VERSION = 1.0;
				PRODUCT_BUNDLE_IDENTIFIER = sk.maxapp.TextViewO2UITests;
				PRODUCT_NAME = "$(TARGET_NAME)";
				SWIFT_EMIT_LOC_STRINGS = NO;
				SWIFT_VERSION = 5.0;
				TARGETED_DEVICE_FAMILY = "1,2";
				TEST_TARGET_NAME = TextViewO2;
			};
			name = Debug;
		};
		1FA9AA7B2DAF275100D29059 /* Release */ = {
			isa = XCBuildConfiguration;
			buildSettings = {
				CODE_SIGN_STYLE = Automatic;
				CURRENT_PROJECT_VERSION = 1;
				DEVELOPMENT_TEAM = N527MR7KSH;
				GENERATE_INFOPLIST_FILE = YES;
				MARKETING_VERSION = 1.0;
				PRODUCT_BUNDLE_IDENTIFIER = sk.maxapp.TextViewO2UITests;
				PRODUCT_NAME = "$(TARGET_NAME)";
				SWIFT_EMIT_LOC_STRINGS = NO;
				SWIFT_VERSION = 5.0;
				TARGETED_DEVICE_FAMILY = "1,2";
				TEST_TARGET_NAME = TextViewO2;
			};
			name = Release;
		};
/* End XCBuildConfiguration section */

/* Begin XCConfigurationList section */
		1FA9AA4A2DAF274F00D29059 /* Build configuration list for PBXProject "TextViewO2" */ = {
			isa = XCConfigurationList;
			buildConfigurations = (
				1FA9AA712DAF275100D29059 /* Debug */,
				1FA9AA722DAF275100D29059 /* Release */,
			);
			defaultConfigurationIsVisible = 0;
			defaultConfigurationName = Release;
		};
		1FA9AA732DAF275100D29059 /* Build configuration list for PBXNativeTarget "TextViewO2" */ = {
			isa = XCConfigurationList;
			buildConfigurations = (
				1FA9AA742DAF275100D29059 /* Debug */,
				1FA9AA752DAF275100D29059 /* Release */,
			);
			defaultConfigurationIsVisible = 0;
			defaultConfigurationName = Release;
		};
		1FA9AA762DAF275100D29059 /* Build configuration list for PBXNativeTarget "TextViewO2Tests" */ = {
			isa = XCConfigurationList;
			buildConfigurations = (
				1FA9AA772DAF275100D29059 /* Debug */,
				1FA9AA782DAF275100D29059 /* Release */,
			);
			defaultConfigurationIsVisible = 0;
			defaultConfigurationName = Release;
		};
		1FA9AA792DAF275100D29059 /* Build configuration list for PBXNativeTarget "TextViewO2UITests" */ = {
			isa = XCConfigurationList;
			buildConfigurations = (
				1FA9AA7A2DAF275100D29059 /* Debug */,
				1FA9AA7B2DAF275100D29059 /* Release */,
			);
			defaultConfigurationIsVisible = 0;
			defaultConfigurationName = Release;
		};
/* End XCConfigurationList section */
	};
	rootObject = 1FA9AA472DAF274F00D29059 /* Project object */;
}
